
Microsoft Visual Studio Solution File, Format Version 12.00
# Visual Studio 15
VisualStudioVersion = 15.0.27428.2015
MinimumVisualStudioVersion = 10.0.40219.1
Project("{FAE04EC0-301F-11D3-BF4B-00C04F79EFBC}") = "BindPicker.Android", "BindPicker\BindPicker.Android\BindPicker.Android.csproj", "{142BC8EE-9041-4151-B8E9-1312114A1156}"
EndProject
Project("{FAE04EC0-301F-11D3-BF4B-00C04F79EFBC}") = "BindPicker.iOS", "BindPicker\BindPicker.iOS\BindPicker.iOS.csproj", "{7EE3FF7E-CBC4-4AFA-919D-8012BD6DFACA}"
EndProject
Project("{FAE04EC0-301F-11D3-BF4B-00C04F79EFBC}") = "BindPicker.UWP", "BindPicker\BindPicker.UWP\BindPicker.UWP.csproj", "{864B0399-9411-489A-B9A3-1261BA785DAC}"
EndProject
Project("{FAE04EC0-301F-11D3-BF4B-00C04F79EFBC}") = "BindPicker", "BindPicker\BindPicker\BindPicker.csproj", "{A48CF842-8691-4710-96A7-E4085AAD0EB8}"
EndProject
Global
	GlobalSection(SolutionConfigurationPlatforms) = preSolution
		Ad-Hoc|Any CPU = Ad-Hoc|Any CPU
		Ad-Hoc|ARM = Ad-Hoc|ARM
		Ad-Hoc|iPhone = Ad-Hoc|iPhone
		Ad-Hoc|iPhoneSimulator = Ad-Hoc|iPhoneSimulator
		Ad-Hoc|x64 = Ad-Hoc|x64
		Ad-Hoc|x86 = Ad-Hoc|x86
		AppStore|Any CPU = AppStore|Any CPU
		AppStore|ARM = AppStore|ARM
		AppStore|iPhone = AppStore|iPhone
		AppStore|iPhoneSimulator = AppStore|iPhoneSimulator
		AppStore|x64 = AppStore|x64
		AppStore|x86 = AppStore|x86
		Debug|Any CPU = Debug|Any CPU
		Debug|ARM = Debug|ARM
		Debug|iPhone = Debug|iPhone
		Debug|iPhoneSimulator = Debug|iPhoneSimulator
		Debug|x64 = Debug|x64
		Debug|x86 = Debug|x86
		Release|Any CPU = Release|Any CPU
		Release|ARM = Release|ARM
		Release|iPhone = Release|iPhone
		Release|iPhoneSimulator = Release|iPhoneSimulator
		Release|x64 = Release|x64
		Release|x86 = Release|x86
	EndGlobalSection
	GlobalSection(ProjectConfigurationPlatforms) = postSolution
		{142BC8EE-9041-4151-B8E9-1312114A1156}.Ad-Hoc|Any CPU.ActiveCfg = Release|Any CPU
		{142BC8EE-9041-4151-B8E9-1312114A1156}.Ad-Hoc|Any CPU.Build.0 = Release|Any CPU
		{142BC8EE-9041-4151-B8E9-1312114A1156}.Ad-Hoc|Any CPU.Deploy.0 = Release|Any CPU
		{142BC8EE-9041-4151-B8E9-1312114A1156}.Ad-Hoc|ARM.ActiveCfg = Release|Any CPU
		{142BC8EE-9041-4151-B8E9-1312114A1156}.Ad-Hoc|ARM.Build.0 = Release|Any CPU
		{142BC8EE-9041-4151-B8E9-1312114A1156}.Ad-Hoc|ARM.Deploy.0 = Release|Any CPU
		{142BC8EE-9041-4151-B8E9-1312114A1156}.Ad-Hoc|iPhone.ActiveCfg = Release|Any CPU
		{142BC8EE-9041-4151-B8E9-1312114A1156}.Ad-Hoc|iPhone.Build.0 = Release|Any CPU
		{142BC8EE-9041-4151-B8E9-1312114A1156}.Ad-Hoc|iPhone.Deploy.0 = Release|Any CPU
		{142BC8EE-9041-4151-B8E9-1312114A1156}.Ad-Hoc|iPhoneSimulator.ActiveCfg = Release|Any CPU
		{142BC8EE-9041-4151-B8E9-1312114A1156}.Ad-Hoc|iPhoneSimulator.Build.0 = Release|Any CPU
		{142BC8EE-9041-4151-B8E9-1312114A1156}.Ad-Hoc|iPhoneSimulator.Deploy.0 = Release|Any CPU
		{142BC8EE-9041-4151-B8E9-1312114A1156}.Ad-Hoc|x64.ActiveCfg = Release|Any CPU
		{142BC8EE-9041-4151-B8E9-1312114A1156}.Ad-Hoc|x64.Build.0 = Release|Any CPU
		{142BC8EE-9041-4151-B8E9-1312114A1156}.Ad-Hoc|x64.Deploy.0 = Release|Any CPU
		{142BC8EE-9041-4151-B8E9-1312114A1156}.Ad-Hoc|x86.ActiveCfg = Release|Any CPU
		{142BC8EE-9041-4151-B8E9-1312114A1156}.Ad-Hoc|x86.Build.0 = Release|Any CPU
		{142BC8EE-9041-4151-B8E9-1312114A1156}.Ad-Hoc|x86.Deploy.0 = Release|Any CPU
		{142BC8EE-9041-4151-B8E9-1312114A1156}.AppStore|Any CPU.ActiveCfg = Release|Any CPU
		{142BC8EE-9041-4151-B8E9-1312114A1156}.AppStore|Any CPU.Build.0 = Release|Any CPU
		{142BC8EE-9041-4151-B8E9-1312114A1156}.AppStore|Any CPU.Deploy.0 = Release|Any CPU
		{142BC8EE-9041-4151-B8E9-1312114A1156}.AppStore|ARM.ActiveCfg = Release|Any CPU
		{142BC8EE-9041-4151-B8E9-1312114A1156}.AppStore|ARM.Build.0 = Release|Any CPU
		{142BC8EE-9041-4151-B8E9-1312114A1156}.AppStore|ARM.Deploy.0 = Release|Any CPU
		{142BC8EE-9041-4151-B8E9-1312114A1156}.AppStore|iPhone.ActiveCfg = Release|Any CPU
		{142BC8EE-9041-4151-B8E9-1312114A1156}.AppStore|iPhone.Build.0 = Release|Any CPU
		{142BC8EE-9041-4151-B8E9-1312114A1156}.AppStore|iPhone.Deploy.0 = Release|Any CPU
		{142BC8EE-9041-4151-B8E9-1312114A1156}.AppStore|iPhoneSimulator.ActiveCfg = Release|Any CPU
		{142BC8EE-9041-4151-B8E9-1312114A1156}.AppStore|iPhoneSimulator.Build.0 = Release|Any CPU
		{142BC8EE-9041-4151-B8E9-1312114A1156}.AppStore|iPhoneSimulator.Deploy.0 = Release|Any CPU
		{142BC8EE-9041-4151-B8E9-1312114A1156}.AppStore|x64.ActiveCfg = Release|Any CPU
		{142BC8EE-9041-4151-B8E9-1312114A1156}.AppStore|x64.Build.0 = Release|Any CPU
		{142BC8EE-9041-4151-B8E9-1312114A1156}.AppStore|x64.Deploy.0 = Release|Any CPU
		{142BC8EE-9041-4151-B8E9-1312114A1156}.AppStore|x86.ActiveCfg = Release|Any CPU
		{142BC8EE-9041-4151-B8E9-1312114A1156}.AppStore|x86.Build.0 = Release|Any CPU
		{142BC8EE-9041-4151-B8E9-1312114A1156}.AppStore|x86.Deploy.0 = Release|Any CPU
		{142BC8EE-9041-4151-B8E9-1312114A1156}.Debug|Any CPU.ActiveCfg = Debug|Any CPU
		{142BC8EE-9041-4151-B8E9-1312114A1156}.Debug|Any CPU.Build.0 = Debug|Any CPU
		{142BC8EE-9041-4151-B8E9-1312114A1156}.Debug|Any CPU.Deploy.0 = Debug|Any CPU
		{142BC8EE-9041-4151-B8E9-1312114A1156}.Debug|ARM.ActiveCfg = Debug|Any CPU
		{142BC8EE-9041-4151-B8E9-1312114A1156}.Debug|ARM.Build.0 = Debug|Any CPU
		{142BC8EE-9041-4151-B8E9-1312114A1156}.Debug|ARM.Deploy.0 = Debug|Any CPU
		{142BC8EE-9041-4151-B8E9-1312114A1156}.Debug|iPhone.ActiveCfg = Debug|Any CPU
		{142BC8EE-9041-4151-B8E9-1312114A1156}.Debug|iPhone.Build.0 = Debug|Any CPU
		{142BC8EE-9041-4151-B8E9-1312114A1156}.Debug|iPhone.Deploy.0 = Debug|Any CPU
		{142BC8EE-9041-4151-B8E9-1312114A1156}.Debug|iPhoneSimulator.ActiveCfg = Debug|Any CPU
		{142BC8EE-9041-4151-B8E9-1312114A1156}.Debug|iPhoneSimulator.Build.0 = Debug|Any CPU
		{142BC8EE-9041-4151-B8E9-1312114A1156}.Debug|iPhoneSimulator.Deploy.0 = Debug|Any CPU
		{142BC8EE-9041-4151-B8E9-1312114A1156}.Debug|x64.ActiveCfg = Debug|Any CPU
		{142BC8EE-9041-4151-B8E9-1312114A1156}.Debug|x64.Build.0 = Debug|Any CPU
		{142BC8EE-9041-4151-B8E9-1312114A1156}.Debug|x64.Deploy.0 = Debug|Any CPU
		{142BC8EE-9041-4151-B8E9-1312114A1156}.Debug|x86.ActiveCfg = Debug|Any CPU
		{142BC8EE-9041-4151-B8E9-1312114A1156}.Debug|x86.Build.0 = Debug|Any CPU
		{142BC8EE-9041-4151-B8E9-1312114A1156}.Debug|x86.Deploy.0 = Debug|Any CPU
		{142BC8EE-9041-4151-B8E9-1312114A1156}.Release|Any CPU.ActiveCfg = Release|Any CPU
		{142BC8EE-9041-4151-B8E9-1312114A1156}.Release|Any CPU.Build.0 = Release|Any CPU
		{142BC8EE-9041-4151-B8E9-1312114A1156}.Release|Any CPU.Deploy.0 = Release|Any CPU
		{142BC8EE-9041-4151-B8E9-1312114A1156}.Release|ARM.ActiveCfg = Release|Any CPU
		{142BC8EE-9041-4151-B8E9-1312114A1156}.Release|ARM.Build.0 = Release|Any CPU
		{142BC8EE-9041-4151-B8E9-1312114A1156}.Release|ARM.Deploy.0 = Release|Any CPU
		{142BC8EE-9041-4151-B8E9-1312114A1156}.Release|iPhone.ActiveCfg = Release|Any CPU
		{142BC8EE-9041-4151-B8E9-1312114A1156}.Release|iPhone.Build.0 = Release|Any CPU
		{142BC8EE-9041-4151-B8E9-1312114A1156}.Release|iPhone.Deploy.0 = Release|Any CPU
		{142BC8EE-9041-4151-B8E9-1312114A1156}.Release|iPhoneSimulator.ActiveCfg = Release|Any CPU
		{142BC8EE-9041-4151-B8E9-1312114A1156}.Release|iPhoneSimulator.Build.0 = Release|Any CPU
		{142BC8EE-9041-4151-B8E9-1312114A1156}.Release|iPhoneSimulator.Deploy.0 = Release|Any CPU
		{142BC8EE-9041-4151-B8E9-1312114A1156}.Release|x64.ActiveCfg = Release|Any CPU
		{142BC8EE-9041-4151-B8E9-1312114A1156}.Release|x64.Build.0 = Release|Any CPU
		{142BC8EE-9041-4151-B8E9-1312114A1156}.Release|x64.Deploy.0 = Release|Any CPU
		{142BC8EE-9041-4151-B8E9-1312114A1156}.Release|x86.ActiveCfg = Release|Any CPU
		{142BC8EE-9041-4151-B8E9-1312114A1156}.Release|x86.Build.0 = Release|Any CPU
		{142BC8EE-9041-4151-B8E9-1312114A1156}.Release|x86.Deploy.0 = Release|Any CPU
		{7EE3FF7E-CBC4-4AFA-919D-8012BD6DFACA}.Ad-Hoc|Any CPU.ActiveCfg = Ad-Hoc|iPhone
		{7EE3FF7E-CBC4-4AFA-919D-8012BD6DFACA}.Ad-Hoc|ARM.ActiveCfg = Ad-Hoc|iPhone
		{7EE3FF7E-CBC4-4AFA-919D-8012BD6DFACA}.Ad-Hoc|iPhone.ActiveCfg = Ad-Hoc|iPhone
		{7EE3FF7E-CBC4-4AFA-919D-8012BD6DFACA}.Ad-Hoc|iPhone.Build.0 = Ad-Hoc|iPhone
		{7EE3FF7E-CBC4-4AFA-919D-8012BD6DFACA}.Ad-Hoc|iPhoneSimulator.ActiveCfg = Ad-Hoc|iPhoneSimulator
		{7EE3FF7E-CBC4-4AFA-919D-8012BD6DFACA}.Ad-Hoc|iPhoneSimulator.Build.0 = Ad-Hoc|iPhoneSimulator
		{7EE3FF7E-CBC4-4AFA-919D-8012BD6DFACA}.Ad-Hoc|x64.ActiveCfg = Ad-Hoc|iPhone
		{7EE3FF7E-CBC4-4AFA-919D-8012BD6DFACA}.Ad-Hoc|x86.ActiveCfg = Ad-Hoc|iPhone
		{7EE3FF7E-CBC4-4AFA-919D-8012BD6DFACA}.AppStore|Any CPU.ActiveCfg = AppStore|iPhone
		{7EE3FF7E-CBC4-4AFA-919D-8012BD6DFACA}.AppStore|ARM.ActiveCfg = AppStore|iPhone
		{7EE3FF7E-CBC4-4AFA-919D-8012BD6DFACA}.AppStore|iPhone.ActiveCfg = AppStore|iPhone
		{7EE3FF7E-CBC4-4AFA-919D-8012BD6DFACA}.AppStore|iPhone.Build.0 = AppStore|iPhone
		{7EE3FF7E-CBC4-4AFA-919D-8012BD6DFACA}.AppStore|iPhoneSimulator.ActiveCfg = AppStore|iPhoneSimulator
		{7EE3FF7E-CBC4-4AFA-919D-8012BD6DFACA}.AppStore|iPhoneSimulator.Build.0 = AppStore|iPhoneSimulator
		{7EE3FF7E-CBC4-4AFA-919D-8012BD6DFACA}.AppStore|x64.ActiveCfg = AppStore|iPhone
		{7EE3FF7E-CBC4-4AFA-919D-8012BD6DFACA}.AppStore|x86.ActiveCfg = AppStore|iPhone
		{7EE3FF7E-CBC4-4AFA-919D-8012BD6DFACA}.Debug|Any CPU.ActiveCfg = Debug|iPhone
		{7EE3FF7E-CBC4-4AFA-919D-8012BD6DFACA}.Debug|ARM.ActiveCfg = Debug|iPhone
		{7EE3FF7E-CBC4-4AFA-919D-8012BD6DFACA}.Debug|iPhone.ActiveCfg = Debug|iPhone
		{7EE3FF7E-CBC4-4AFA-919D-8012BD6DFACA}.Debug|iPhone.Build.0 = Debug|iPhone
		{7EE3FF7E-CBC4-4AFA-919D-8012BD6DFACA}.Debug|iPhoneSimulator.ActiveCfg = Debug|iPhoneSimulator
		{7EE3FF7E-CBC4-4AFA-919D-8012BD6DFACA}.Debug|iPhoneSimulator.Build.0 = Debug|iPhoneSimulator
		{7EE3FF7E-CBC4-4AFA-919D-8012BD6DFACA}.Debug|x64.ActiveCfg = Debug|iPhone
		{7EE3FF7E-CBC4-4AFA-919D-8012BD6DFACA}.Debug|x86.ActiveCfg = Debug|iPhone
		{7EE3FF7E-CBC4-4AFA-919D-8012BD6DFACA}.Release|Any CPU.ActiveCfg = Release|iPhone
		{7EE3FF7E-CBC4-4AFA-919D-8012BD6DFACA}.Release|ARM.ActiveCfg = Release|iPhone
		{7EE3FF7E-CBC4-4AFA-919D-8012BD6DFACA}.Release|iPhone.ActiveCfg = Release|iPhone
		{7EE3FF7E-CBC4-4AFA-919D-8012BD6DFACA}.Release|iPhone.Build.0 = Release|iPhone
		{7EE3FF7E-CBC4-4AFA-919D-8012BD6DFACA}.Release|iPhoneSimulator.ActiveCfg = Release|iPhoneSimulator
		{7EE3FF7E-CBC4-4AFA-919D-8012BD6DFACA}.Release|iPhoneSimulator.Build.0 = Release|iPhoneSimulator
		{7EE3FF7E-CBC4-4AFA-919D-8012BD6DFACA}.Release|x64.ActiveCfg = Release|iPhone
		{7EE3FF7E-CBC4-4AFA-919D-8012BD6DFACA}.Release|x86.ActiveCfg = Release|iPhone
		{864B0399-9411-489A-B9A3-1261BA785DAC}.Ad-Hoc|Any CPU.ActiveCfg = Release|x86
		{864B0399-9411-489A-B9A3-1261BA785DAC}.Ad-Hoc|Any CPU.Build.0 = Release|x86
		{864B0399-9411-489A-B9A3-1261BA785DAC}.Ad-Hoc|Any CPU.Deploy.0 = Release|x86
		{864B0399-9411-489A-B9A3-1261BA785DAC}.Ad-Hoc|ARM.ActiveCfg = Release|ARM
		{864B0399-9411-489A-B9A3-1261BA785DAC}.Ad-Hoc|ARM.Build.0 = Release|ARM
		{864B0399-9411-489A-B9A3-1261BA785DAC}.Ad-Hoc|ARM.Deploy.0 = Release|ARM
		{864B0399-9411-489A-B9A3-1261BA785DAC}.Ad-Hoc|iPhone.ActiveCfg = Release|x86
		{864B0399-9411-489A-B9A3-1261BA785DAC}.Ad-Hoc|iPhone.Build.0 = Release|x86
		{864B0399-9411-489A-B9A3-1261BA785DAC}.Ad-Hoc|iPhone.Deploy.0 = Release|x86
		{864B0399-9411-489A-B9A3-1261BA785DAC}.Ad-Hoc|iPhoneSimulator.ActiveCfg = Release|x86
		{864B0399-9411-489A-B9A3-1261BA785DAC}.Ad-Hoc|iPhoneSimulator.Build.0 = Release|x86
		{864B0399-9411-489A-B9A3-1261BA785DAC}.Ad-Hoc|iPhoneSimulator.Deploy.0 = Release|x86
		{864B0399-9411-489A-B9A3-1261BA785DAC}.Ad-Hoc|x64.ActiveCfg = Release|x64
		{864B0399-9411-489A-B9A3-1261BA785DAC}.Ad-Hoc|x64.Build.0 = Release|x64
		{864B0399-9411-489A-B9A3-1261BA785DAC}.Ad-Hoc|x64.Deploy.0 = Release|x64
		{864B0399-9411-489A-B9A3-1261BA785DAC}.Ad-Hoc|x86.ActiveCfg = Release|x86
		{864B0399-9411-489A-B9A3-1261BA785DAC}.Ad-Hoc|x86.Build.0 = Release|x86
		{864B0399-9411-489A-B9A3-1261BA785DAC}.Ad-Hoc|x86.Deploy.0 = Release|x86
		{864B0399-9411-489A-B9A3-1261BA785DAC}.AppStore|Any CPU.ActiveCfg = Release|x86
		{864B0399-9411-489A-B9A3-1261BA785DAC}.AppStore|Any CPU.Build.0 = Release|x86
		{864B0399-9411-489A-B9A3-1261BA785DAC}.AppStore|Any CPU.Deploy.0 = Release|x86
		{864B0399-9411-489A-B9A3-1261BA785DAC}.AppStore|ARM.ActiveCfg = Release|ARM
		{864B0399-9411-489A-B9A3-1261BA785DAC}.AppStore|ARM.Build.0 = Release|ARM
		{864B0399-9411-489A-B9A3-1261BA785DAC}.AppStore|ARM.Deploy.0 = Release|ARM
		{864B0399-9411-489A-B9A3-1261BA785DAC}.AppStore|iPhone.ActiveCfg = Release|x86
		{864B0399-9411-489A-B9A3-1261BA785DAC}.AppStore|iPhone.Build.0 = Release|x86
		{864B0399-9411-489A-B9A3-1261BA785DAC}.AppStore|iPhone.Deploy.0 = Release|x86
		{864B0399-9411-489A-B9A3-1261BA785DAC}.AppStore|iPhoneSimulator.ActiveCfg = Release|x86
		{864B0399-9411-489A-B9A3-1261BA785DAC}.AppStore|iPhoneSimulator.Build.0 = Release|x86
		{864B0399-9411-489A-B9A3-1261BA785DAC}.AppStore|iPhoneSimulator.Deploy.0 = Release|x86
		{864B0399-9411-489A-B9A3-1261BA785DAC}.AppStore|x64.ActiveCfg = Release|x64
		{864B0399-9411-489A-B9A3-1261BA785DAC}.AppStore|x64.Build.0 = Release|x64
		{864B0399-9411-489A-B9A3-1261BA785DAC}.AppStore|x64.Deploy.0 = Release|x64
		{864B0399-9411-489A-B9A3-1261BA785DAC}.AppStore|x86.ActiveCfg = Release|x86
		{864B0399-9411-489A-B9A3-1261BA785DAC}.AppStore|x86.Build.0 = Release|x86
		{864B0399-9411-489A-B9A3-1261BA785DAC}.AppStore|x86.Deploy.0 = Release|x86
		{864B0399-9411-489A-B9A3-1261BA785DAC}.Debug|Any CPU.ActiveCfg = Debug|x86
		{864B0399-9411-489A-B9A3-1261BA785DAC}.Debug|ARM.ActiveCfg = Debug|ARM
		{864B0399-9411-489A-B9A3-1261BA785DAC}.Debug|ARM.Build.0 = Debug|ARM
		{864B0399-9411-489A-B9A3-1261BA785DAC}.Debug|ARM.Deploy.0 = Debug|ARM
		{864B0399-9411-489A-B9A3-1261BA785DAC}.Debug|iPhone.ActiveCfg = Debug|x86
		{864B0399-9411-489A-B9A3-1261BA785DAC}.Debug|iPhoneSimulator.ActiveCfg = Debug|x86
		{864B0399-9411-489A-B9A3-1261BA785DAC}.Debug|x64.ActiveCfg = Debug|x64
		{864B0399-9411-489A-B9A3-1261BA785DAC}.Debug|x64.Build.0 = Debug|x64
		{864B0399-9411-489A-B9A3-1261BA785DAC}.Debug|x64.Deploy.0 = Debug|x64
		{864B0399-9411-489A-B9A3-1261BA785DAC}.Debug|x86.ActiveCfg = Debug|x86
		{864B0399-9411-489A-B9A3-1261BA785DAC}.Debug|x86.Build.0 = Debug|x86
		{864B0399-9411-489A-B9A3-1261BA785DAC}.Debug|x86.Deploy.0 = Debug|x86
		{864B0399-9411-489A-B9A3-1261BA785DAC}.Release|Any CPU.ActiveCfg = Release|x86
		{864B0399-9411-489A-B9A3-1261BA785DAC}.Release|ARM.ActiveCfg = Release|ARM
		{864B0399-9411-489A-B9A3-1261BA785DAC}.Release|ARM.Build.0 = Release|ARM
		{864B0399-9411-489A-B9A3-1261BA785DAC}.Release|ARM.Deploy.0 = Release|ARM
		{864B0399-9411-489A-B9A3-1261BA785DAC}.Release|iPhone.ActiveCfg = Release|x86
		{864B0399-9411-489A-B9A3-1261BA785DAC}.Release|iPhoneSimulator.ActiveCfg = Release|x86
		{864B0399-9411-489A-B9A3-1261BA785DAC}.Release|x64.ActiveCfg = Release|x64
		{864B0399-9411-489A-B9A3-1261BA785DAC}.Release|x64.Build.0 = Release|x64
		{864B0399-9411-489A-B9A3-1261BA785DAC}.Release|x64.Deploy.0 = Release|x64
		{864B0399-9411-489A-B9A3-1261BA785DAC}.Release|x86.ActiveCfg = Release|x86
		{864B0399-9411-489A-B9A3-1261BA785DAC}.Release|x86.Build.0 = Release|x86
		{864B0399-9411-489A-B9A3-1261BA785DAC}.Release|x86.Deploy.0 = Release|x86
		{A48CF842-8691-4710-96A7-E4085AAD0EB8}.Ad-Hoc|Any CPU.ActiveCfg = Debug|Any CPU
		{A48CF842-8691-4710-96A7-E4085AAD0EB8}.Ad-Hoc|Any CPU.Build.0 = Debug|Any CPU
		{A48CF842-8691-4710-96A7-E4085AAD0EB8}.Ad-Hoc|ARM.ActiveCfg = Debug|Any CPU
		{A48CF842-8691-4710-96A7-E4085AAD0EB8}.Ad-Hoc|ARM.Build.0 = Debug|Any CPU
		{A48CF842-8691-4710-96A7-E4085AAD0EB8}.Ad-Hoc|iPhone.ActiveCfg = Debug|Any CPU
		{A48CF842-8691-4710-96A7-E4085AAD0EB8}.Ad-Hoc|iPhone.Build.0 = Debug|Any CPU
		{A48CF842-8691-4710-96A7-E4085AAD0EB8}.Ad-Hoc|iPhoneSimulator.ActiveCfg = Debug|Any CPU
		{A48CF842-8691-4710-96A7-E4085AAD0EB8}.Ad-Hoc|iPhoneSimulator.Build.0 = Debug|Any CPU
		{A48CF842-8691-4710-96A7-E4085AAD0EB8}.Ad-Hoc|x64.ActiveCfg = Debug|Any CPU
		{A48CF842-8691-4710-96A7-E4085AAD0EB8}.Ad-Hoc|x64.Build.0 = Debug|Any CPU
		{A48CF842-8691-4710-96A7-E4085AAD0EB8}.Ad-Hoc|x86.ActiveCfg = Debug|Any CPU
		{A48CF842-8691-4710-96A7-E4085AAD0EB8}.Ad-Hoc|x86.Build.0 = Debug|Any CPU
		{A48CF842-8691-4710-96A7-E4085AAD0EB8}.AppStore|Any CPU.ActiveCfg = Debug|Any CPU
		{A48CF842-8691-4710-96A7-E4085AAD0EB8}.AppStore|Any CPU.Build.0 = Debug|Any CPU
		{A48CF842-8691-4710-96A7-E4085AAD0EB8}.AppStore|ARM.ActiveCfg = Debug|Any CPU
		{A48CF842-8691-4710-96A7-E4085AAD0EB8}.AppStore|ARM.Build.0 = Debug|Any CPU
		{A48CF842-8691-4710-96A7-E4085AAD0EB8}.AppStore|iPhone.ActiveCfg = Debug|Any CPU
		{A48CF842-8691-4710-96A7-E4085AAD0EB8}.AppStore|iPhone.Build.0 = Debug|Any CPU
		{A48CF842-8691-4710-96A7-E4085AAD0EB8}.AppStore|iPhoneSimulator.ActiveCfg = Debug|Any CPU
		{A48CF842-8691-4710-96A7-E4085AAD0EB8}.AppStore|iPhoneSimulator.Build.0 = Debug|Any CPU
		{A48CF842-8691-4710-96A7-E4085AAD0EB8}.AppStore|x64.ActiveCfg = Debug|Any CPU
		{A48CF842-8691-4710-96A7-E4085AAD0EB8}.AppStore|x64.Build.0 = Debug|Any CPU
		{A48CF842-8691-4710-96A7-E4085AAD0EB8}.AppStore|x86.ActiveCfg = Debug|Any CPU
		{A48CF842-8691-4710-96A7-E4085AAD0EB8}.AppStore|x86.Build.0 = Debug|Any CPU
		{A48CF842-8691-4710-96A7-E4085AAD0EB8}.Debug|Any CPU.ActiveCfg = Debug|Any CPU
		{A48CF842-8691-4710-96A7-E4085AAD0EB8}.Debug|Any CPU.Build.0 = Debug|Any CPU
		{A48CF842-8691-4710-96A7-E4085AAD0EB8}.Debug|ARM.ActiveCfg = Debug|Any CPU
		{A48CF842-8691-4710-96A7-E4085AAD0EB8}.Debug|ARM.Build.0 = Debug|Any CPU
		{A48CF842-8691-4710-96A7-E4085AAD0EB8}.Debug|iPhone.ActiveCfg = Debug|Any CPU
		{A48CF842-8691-4710-96A7-E4085AAD0EB8}.Debug|iPhone.Build.0 = Debug|Any CPU
		{A48CF842-8691-4710-96A7-E4085AAD0EB8}.Debug|iPhoneSimulator.ActiveCfg = Debug|Any CPU
		{A48CF842-8691-4710-96A7-E4085AAD0EB8}.Debug|iPhoneSimulator.Build.0 = Debug|Any CPU
		{A48CF842-8691-4710-96A7-E4085AAD0EB8}.Debug|x64.ActiveCfg = Debug|Any CPU
		{A48CF842-8691-4710-96A7-E4085AAD0EB8}.Debug|x64.Build.0 = Debug|Any CPU
		{A48CF842-8691-4710-96A7-E4085AAD0EB8}.Debug|x86.ActiveCfg = Debug|Any CPU
		{A48CF842-8691-4710-96A7-E4085AAD0EB8}.Debug|x86.Build.0 = Debug|Any CPU
		{A48CF842-8691-4710-96A7-E4085AAD0EB8}.Release|Any CPU.ActiveCfg = Release|Any CPU
		{A48CF842-8691-4710-96A7-E4085AAD0EB8}.Release|Any CPU.Build.0 = Release|Any CPU
		{A48CF842-8691-4710-96A7-E4085AAD0EB8}.Release|ARM.ActiveCfg = Release|Any CPU
		{A48CF842-8691-4710-96A7-E4085AAD0EB8}.Release|ARM.Build.0 = Release|Any CPU
		{A48CF842-8691-4710-96A7-E4085AAD0EB8}.Release|iPhone.ActiveCfg = Release|Any CPU
		{A48CF842-8691-4710-96A7-E4085AAD0EB8}.Release|iPhone.Build.0 = Release|Any CPU
		{A48CF842-8691-4710-96A7-E4085AAD0EB8}.Release|iPhoneSimulator.ActiveCfg = Release|Any CPU
		{A48CF842-8691-4710-96A7-E4085AAD0EB8}.Release|iPhoneSimulator.Build.0 = Release|Any CPU
		{A48CF842-8691-4710-96A7-E4085AAD0EB8}.Release|x64.ActiveCfg = Release|Any CPU
		{A48CF842-8691-4710-96A7-E4085AAD0EB8}.Release|x64.Build.0 = Release|Any CPU
		{A48CF842-8691-4710-96A7-E4085AAD0EB8}.Release|x86.ActiveCfg = Release|Any CPU
		{A48CF842-8691-4710-96A7-E4085AAD0EB8}.Release|x86.Build.0 = Release|Any CPU
	EndGlobalSection
	GlobalSection(SolutionProperties) = preSolution
		HideSolutionNode = FALSE
	EndGlobalSection
	GlobalSection(ExtensibilityGlobals) = postSolution
		SolutionGuid = {A6E71274-A8A9-4088-90C3-D21E13A6B680}
	EndGlobalSection
EndGlobal
